
Microsoft Visual Studio Solution File, Format Version 12.00
# Visual Studio Version 16
VisualStudioVersion = 16.0.30406.217
MinimumVisualStudioVersion = 10.0.40219.1
Project("{FAE04EC0-301F-11D3-BF4B-00C04F79EFBC}") = "Skyline.BeerViet.App", "Skyline.BeerViet.App\Skyline.BeerViet.App.csproj", "{5F370B1A-782B-47AE-9164-0BBFEAEBB590}"
EndProject
Project("{FAE04EC0-301F-11D3-BF4B-00C04F79EFBC}") = "Skyline.BeerViet.Jobs", "Skyline.BeerViet.Jobs\Skyline.BeerViet.Jobs.csproj", "{01B9B91B-99BC-4E9E-8A8B-BE668708C19E}"
EndProject
Global
	GlobalSection(SolutionConfigurationPlatforms) = preSolution
		Debug|Any CPU = Debug|Any CPU
		Release|Any CPU = Release|Any CPU
	EndGlobalSection
	GlobalSection(ProjectConfigurationPlatforms) = postSolution
		{5F370B1A-782B-47AE-9164-0BBFEAEBB590}.Debug|Any CPU.ActiveCfg = Debug|Any CPU
		{5F370B1A-782B-47AE-9164-0BBFEAEBB590}.Debug|Any CPU.Build.0 = Debug|Any CPU
		{5F370B1A-782B-47AE-9164-0BBFEAEBB590}.Release|Any CPU.ActiveCfg = Release|Any CPU
		{5F370B1A-782B-47AE-9164-0BBFEAEBB590}.Release|Any CPU.Build.0 = Release|Any CPU
		{01B9B91B-99BC-4E9E-8A8B-BE668708C19E}.Debug|Any CPU.ActiveCfg = Debug|Any CPU
		{01B9B91B-99BC-4E9E-8A8B-BE668708C19E}.Debug|Any CPU.Build.0 = Debug|Any CPU
		{01B9B91B-99BC-4E9E-8A8B-BE668708C19E}.Release|Any CPU.ActiveCfg = Release|Any CPU
		{01B9B91B-99BC-4E9E-8A8B-BE668708C19E}.Release|Any CPU.Build.0 = Release|Any CPU
	EndGlobalSection
	GlobalSection(SolutionProperties) = preSolution
		HideSolutionNode = FALSE
	EndGlobalSection
	GlobalSection(ExtensibilityGlobals) = postSolution
		SolutionGuid = {7E7C9B35-922F-434B-BCB0-C1E4D4B2904E}
	EndGlobalSection
EndGlobal
